// !$*UTF8*$!
{
	archiveVersion = 1;
	classes = {
	};
	objectVersion = 46;
	objects = {

/* Begin PBXBuildFile section */
		143C3E45409444BCB126D169 /* libPods-GoLogo.a in Frameworks */ = {isa = PBXBuildFile; fileRef = F20F093466BD298B42614826 /* libPods-GoLogo.a */; };
		3BFB75091E94FE88004E903F /* iCarousel.m in Sources */ = {isa = PBXBuildFile; fileRef = 3BFB75081E94FE87004E903F /* iCarousel.m */; };
		702AEE671E8929AD0097F118 /* CategoryTableviewCell.m in Sources */ = {isa = PBXBuildFile; fileRef = 702AEE651E8929AD0097F118 /* CategoryTableviewCell.m */; };
		702AEE681E8929AD0097F118 /* CategoryTableviewCell.xib in Resources */ = {isa = PBXBuildFile; fileRef = 702AEE661E8929AD0097F118 /* CategoryTableviewCell.xib */; };
		703078281E9290BC00B1F6B6 /* CompanyViewController.m in Sources */ = {isa = PBXBuildFile; fileRef = 703078271E9290BC00B1F6B6 /* CompanyViewController.m */; };
		708266091E96260A00B975D8 /* Reachability.m in Sources */ = {isa = PBXBuildFile; fileRef = 708266081E96260A00B975D8 /* Reachability.m */; };
		7082660B1E96262D00B975D8 /* SystemConfiguration.framework in Frameworks */ = {isa = PBXBuildFile; fileRef = 7082660A1E96262D00B975D8 /* SystemConfiguration.framework */; };
		7082660E1E9629CB00B975D8 /* MTReachabilityManager.m in Sources */ = {isa = PBXBuildFile; fileRef = 7082660D1E9629CB00B975D8 /* MTReachabilityManager.m */; };
		7085DCCA1E9E56F200D75BA8 /* ContactView.m in Sources */ = {isa = PBXBuildFile; fileRef = 7085DCC91E9E56F200D75BA8 /* ContactView.m */; };
		7085DCCD1E9E570700D75BA8 /* GeoLocation.m in Sources */ = {isa = PBXBuildFile; fileRef = 7085DCCC1E9E570700D75BA8 /* GeoLocation.m */; };
		7085DCD01E9E572800D75BA8 /* TaglineView.m in Sources */ = {isa = PBXBuildFile; fileRef = 7085DCCF1E9E572800D75BA8 /* TaglineView.m */; };
		7085DCD31E9E574C00D75BA8 /* FocusProductView.m in Sources */ = {isa = PBXBuildFile; fileRef = 7085DCD21E9E574C00D75BA8 /* FocusProductView.m */; };
		7085DCD61E9E575D00D75BA8 /* FacilitiesView.m in Sources */ = {isa = PBXBuildFile; fileRef = 7085DCD51E9E575D00D75BA8 /* FacilitiesView.m */; };
		70891EE31E8914C400D58E7C /* CategoryJsonObject.m in Sources */ = {isa = PBXBuildFile; fileRef = 70891EE21E8914C400D58E7C /* CategoryJsonObject.m */; };
		70CD24B81E8A3FC500E6AAB4 /* placeholder@2x.png in Resources */ = {isa = PBXBuildFile; fileRef = 70CD24B71E8A3FC500E6AAB4 /* placeholder@2x.png */; };
		70CD24BB1E8A65B000E6AAB4 /* ProductJsonObject.m in Sources */ = {isa = PBXBuildFile; fileRef = 70CD24BA1E8A65B000E6AAB4 /* ProductJsonObject.m */; };
		70CD24BF1E8A785800E6AAB4 /* ProductTableViewCell.m in Sources */ = {isa = PBXBuildFile; fileRef = 70CD24BD1E8A785800E6AAB4 /* ProductTableViewCell.m */; };
		70CD24C01E8A785800E6AAB4 /* ProductTableViewCell.xib in Resources */ = {isa = PBXBuildFile; fileRef = 70CD24BE1E8A785800E6AAB4 /* ProductTableViewCell.xib */; };
		70CD24C31E8A795F00E6AAB4 /* ProductViewController.m in Sources */ = {isa = PBXBuildFile; fileRef = 70CD24C21E8A795F00E6AAB4 /* ProductViewController.m */; };
		70CD37DE1E937C9400E64CC8 /* CompanyInfoObject.m in Sources */ = {isa = PBXBuildFile; fileRef = 70CD37DD1E937C9400E64CC8 /* CompanyInfoObject.m */; };
		70D79BDD1E3B546A00BCC9EA /* main.m in Sources */ = {isa = PBXBuildFile; fileRef = 70D79BDC1E3B546A00BCC9EA /* main.m */; };
		70D79BE01E3B546A00BCC9EA /* AppDelegate.m in Sources */ = {isa = PBXBuildFile; fileRef = 70D79BDF1E3B546A00BCC9EA /* AppDelegate.m */; };
		70D79BE91E3B546A00BCC9EA /* Main.storyboard in Resources */ = {isa = PBXBuildFile; fileRef = 70D79BE71E3B546A00BCC9EA /* Main.storyboard */; };
		70D79BEB1E3B546A00BCC9EA /* Assets.xcassets in Resources */ = {isa = PBXBuildFile; fileRef = 70D79BEA1E3B546A00BCC9EA /* Assets.xcassets */; };
		70D79BEE1E3B546A00BCC9EA /* LaunchScreen.storyboard in Resources */ = {isa = PBXBuildFile; fileRef = 70D79BEC1E3B546A00BCC9EA /* LaunchScreen.storyboard */; };
		70D79BF71E3B588100BCC9EA /* CatalogViewController.m in Sources */ = {isa = PBXBuildFile; fileRef = 70D79BF61E3B588100BCC9EA /* CatalogViewController.m */; };
		70E856BE1E4860FB00A7DFD4 /* ContactViewController.m in Sources */ = {isa = PBXBuildFile; fileRef = 70E856BD1E4860FB00A7DFD4 /* ContactViewController.m */; };
		70E856C31E4897C200A7DFD4 /* MessageUI.framework in Frameworks */ = {isa = PBXBuildFile; fileRef = 70E856C21E4897C200A7DFD4 /* MessageUI.framework */; };
		70F301071E93E3E4004B45E4 /* MyManager.m in Sources */ = {isa = PBXBuildFile; fileRef = 70F301061E93E3E4004B45E4 /* MyManager.m */; };
		70FE50D31E8E682800A54042 /* ProductDetailsViewController.m in Sources */ = {isa = PBXBuildFile; fileRef = 70FE50D21E8E682800A54042 /* ProductDetailsViewController.m */; };
/* End PBXBuildFile section */

/* Begin PBXFileReference section */
		3BFB75071E94FE87004E903F /* iCarousel.h */ = {isa = PBXFileReference; fileEncoding = 4; lastKnownFileType = sourcecode.c.h; path = iCarousel.h; sourceTree = "<group>"; };
		3BFB75081E94FE87004E903F /* iCarousel.m */ = {isa = PBXFileReference; fileEncoding = 4; lastKnownFileType = sourcecode.c.objc; path = iCarousel.m; sourceTree = "<group>"; };
		49ED036685C6F3DFECA75631 /* Pods-GoLogo.release.xcconfig */ = {isa = PBXFileReference; includeInIndex = 1; lastKnownFileType = text.xcconfig; name = "Pods-GoLogo.release.xcconfig"; path = "Pods/Target Support Files/Pods-GoLogo/Pods-GoLogo.release.xcconfig"; sourceTree = "<group>"; };
		702AEE641E8929AD0097F118 /* CategoryTableviewCell.h */ = {isa = PBXFileReference; fileEncoding = 4; lastKnownFileType = sourcecode.c.h; path = CategoryTableviewCell.h; sourceTree = "<group>"; };
		702AEE651E8929AD0097F118 /* CategoryTableviewCell.m */ = {isa = PBXFileReference; fileEncoding = 4; lastKnownFileType = sourcecode.c.objc; path = CategoryTableviewCell.m; sourceTree = "<group>"; };
		702AEE661E8929AD0097F118 /* CategoryTableviewCell.xib */ = {isa = PBXFileReference; fileEncoding = 4; lastKnownFileType = file.xib; path = CategoryTableviewCell.xib; sourceTree = "<group>"; };
		703078261E9290BC00B1F6B6 /* CompanyViewController.h */ = {isa = PBXFileReference; fileEncoding = 4; lastKnownFileType = sourcecode.c.h; path = CompanyViewController.h; sourceTree = "<group>"; };
		703078271E9290BC00B1F6B6 /* CompanyViewController.m */ = {isa = PBXFileReference; fileEncoding = 4; lastKnownFileType = sourcecode.c.objc; path = CompanyViewController.m; sourceTree = "<group>"; };
		708266071E96260A00B975D8 /* Reachability.h */ = {isa = PBXFileReference; fileEncoding = 4; lastKnownFileType = sourcecode.c.h; path = Reachability.h; sourceTree = "<group>"; };
		708266081E96260A00B975D8 /* Reachability.m */ = {isa = PBXFileReference; fileEncoding = 4; lastKnownFileType = sourcecode.c.objc; path = Reachability.m; sourceTree = "<group>"; };
		7082660A1E96262D00B975D8 /* SystemConfiguration.framework */ = {isa = PBXFileReference; lastKnownFileType = wrapper.framework; name = SystemConfiguration.framework; path = System/Library/Frameworks/SystemConfiguration.framework; sourceTree = SDKROOT; };
		7082660C1E9629CB00B975D8 /* MTReachabilityManager.h */ = {isa = PBXFileReference; fileEncoding = 4; lastKnownFileType = sourcecode.c.h; path = MTReachabilityManager.h; sourceTree = "<group>"; };
		7082660D1E9629CB00B975D8 /* MTReachabilityManager.m */ = {isa = PBXFileReference; fileEncoding = 4; lastKnownFileType = sourcecode.c.objc; path = MTReachabilityManager.m; sourceTree = "<group>"; };
		7085DCC81E9E56F200D75BA8 /* ContactView.h */ = {isa = PBXFileReference; fileEncoding = 4; lastKnownFileType = sourcecode.c.h; path = ContactView.h; sourceTree = "<group>"; };
		7085DCC91E9E56F200D75BA8 /* ContactView.m */ = {isa = PBXFileReference; fileEncoding = 4; lastKnownFileType = sourcecode.c.objc; path = ContactView.m; sourceTree = "<group>"; };
		7085DCCB1E9E570700D75BA8 /* GeoLocation.h */ = {isa = PBXFileReference; fileEncoding = 4; lastKnownFileType = sourcecode.c.h; path = GeoLocation.h; sourceTree = "<group>"; };
		7085DCCC1E9E570700D75BA8 /* GeoLocation.m */ = {isa = PBXFileReference; fileEncoding = 4; lastKnownFileType = sourcecode.c.objc; path = GeoLocation.m; sourceTree = "<group>"; };
		7085DCCE1E9E572800D75BA8 /* TaglineView.h */ = {isa = PBXFileReference; fileEncoding = 4; lastKnownFileType = sourcecode.c.h; path = TaglineView.h; sourceTree = "<group>"; };
		7085DCCF1E9E572800D75BA8 /* TaglineView.m */ = {isa = PBXFileReference; fileEncoding = 4; lastKnownFileType = sourcecode.c.objc; path = TaglineView.m; sourceTree = "<group>"; };
		7085DCD11E9E574C00D75BA8 /* FocusProductView.h */ = {isa = PBXFileReference; fileEncoding = 4; lastKnownFileType = sourcecode.c.h; path = FocusProductView.h; sourceTree = "<group>"; };
		7085DCD21E9E574C00D75BA8 /* FocusProductView.m */ = {isa = PBXFileReference; fileEncoding = 4; lastKnownFileType = sourcecode.c.objc; path = FocusProductView.m; sourceTree = "<group>"; };
		7085DCD41E9E575D00D75BA8 /* FacilitiesView.h */ = {isa = PBXFileReference; fileEncoding = 4; lastKnownFileType = sourcecode.c.h; path = FacilitiesView.h; sourceTree = "<group>"; };
		7085DCD51E9E575D00D75BA8 /* FacilitiesView.m */ = {isa = PBXFileReference; fileEncoding = 4; lastKnownFileType = sourcecode.c.objc; path = FacilitiesView.m; sourceTree = "<group>"; };
		70891EE11E8914C400D58E7C /* CategoryJsonObject.h */ = {isa = PBXFileReference; fileEncoding = 4; lastKnownFileType = sourcecode.c.h; path = CategoryJsonObject.h; sourceTree = "<group>"; };
		70891EE21E8914C400D58E7C /* CategoryJsonObject.m */ = {isa = PBXFileReference; fileEncoding = 4; lastKnownFileType = sourcecode.c.objc; path = CategoryJsonObject.m; sourceTree = "<group>"; };
		70CD24B71E8A3FC500E6AAB4 /* placeholder@2x.png */ = {isa = PBXFileReference; lastKnownFileType = image.png; path = "placeholder@2x.png"; sourceTree = "<group>"; };
		70CD24B91E8A65B000E6AAB4 /* ProductJsonObject.h */ = {isa = PBXFileReference; fileEncoding = 4; lastKnownFileType = sourcecode.c.h; path = ProductJsonObject.h; sourceTree = "<group>"; };
		70CD24BA1E8A65B000E6AAB4 /* ProductJsonObject.m */ = {isa = PBXFileReference; fileEncoding = 4; lastKnownFileType = sourcecode.c.objc; path = ProductJsonObject.m; sourceTree = "<group>"; };
		70CD24BC1E8A785800E6AAB4 /* ProductTableViewCell.h */ = {isa = PBXFileReference; fileEncoding = 4; lastKnownFileType = sourcecode.c.h; path = ProductTableViewCell.h; sourceTree = "<group>"; };
		70CD24BD1E8A785800E6AAB4 /* ProductTableViewCell.m */ = {isa = PBXFileReference; fileEncoding = 4; lastKnownFileType = sourcecode.c.objc; path = ProductTableViewCell.m; sourceTree = "<group>"; };
		70CD24BE1E8A785800E6AAB4 /* ProductTableViewCell.xib */ = {isa = PBXFileReference; fileEncoding = 4; lastKnownFileType = file.xib; path = ProductTableViewCell.xib; sourceTree = "<group>"; };
		70CD24C11E8A795F00E6AAB4 /* ProductViewController.h */ = {isa = PBXFileReference; fileEncoding = 4; lastKnownFileType = sourcecode.c.h; path = ProductViewController.h; sourceTree = "<group>"; };
		70CD24C21E8A795F00E6AAB4 /* ProductViewController.m */ = {isa = PBXFileReference; fileEncoding = 4; lastKnownFileType = sourcecode.c.objc; path = ProductViewController.m; sourceTree = "<group>"; };
		70CD37DC1E937C9400E64CC8 /* CompanyInfoObject.h */ = {isa = PBXFileReference; fileEncoding = 4; lastKnownFileType = sourcecode.c.h; path = CompanyInfoObject.h; sourceTree = "<group>"; };
		70CD37DD1E937C9400E64CC8 /* CompanyInfoObject.m */ = {isa = PBXFileReference; fileEncoding = 4; lastKnownFileType = sourcecode.c.objc; path = CompanyInfoObject.m; sourceTree = "<group>"; };
		70D79BD81E3B546900BCC9EA /* GoLogo.app */ = {isa = PBXFileReference; explicitFileType = wrapper.application; includeInIndex = 0; path = GoLogo.app; sourceTree = BUILT_PRODUCTS_DIR; };
		70D79BDC1E3B546A00BCC9EA /* main.m */ = {isa = PBXFileReference; lastKnownFileType = sourcecode.c.objc; path = main.m; sourceTree = "<group>"; };
		70D79BDE1E3B546A00BCC9EA /* AppDelegate.h */ = {isa = PBXFileReference; lastKnownFileType = sourcecode.c.h; path = AppDelegate.h; sourceTree = "<group>"; };
		70D79BDF1E3B546A00BCC9EA /* AppDelegate.m */ = {isa = PBXFileReference; lastKnownFileType = sourcecode.c.objc; path = AppDelegate.m; sourceTree = "<group>"; };
		70D79BE81E3B546A00BCC9EA /* Base */ = {isa = PBXFileReference; lastKnownFileType = file.storyboard; name = Base; path = Base.lproj/Main.storyboard; sourceTree = "<group>"; };
		70D79BEA1E3B546A00BCC9EA /* Assets.xcassets */ = {isa = PBXFileReference; lastKnownFileType = folder.assetcatalog; path = Assets.xcassets; sourceTree = "<group>"; };
		70D79BED1E3B546A00BCC9EA /* Base */ = {isa = PBXFileReference; lastKnownFileType = file.storyboard; name = Base; path = Base.lproj/LaunchScreen.storyboard; sourceTree = "<group>"; };
		70D79BEF1E3B546A00BCC9EA /* Info.plist */ = {isa = PBXFileReference; lastKnownFileType = text.plist.xml; path = Info.plist; sourceTree = "<group>"; };
		70D79BF51E3B588100BCC9EA /* CatalogViewController.h */ = {isa = PBXFileReference; fileEncoding = 4; lastKnownFileType = sourcecode.c.h; path = CatalogViewController.h; sourceTree = "<group>"; };
		70D79BF61E3B588100BCC9EA /* CatalogViewController.m */ = {isa = PBXFileReference; fileEncoding = 4; lastKnownFileType = sourcecode.c.objc; path = CatalogViewController.m; sourceTree = "<group>"; };
		70E856BC1E4860FB00A7DFD4 /* ContactViewController.h */ = {isa = PBXFileReference; fileEncoding = 4; lastKnownFileType = sourcecode.c.h; path = ContactViewController.h; sourceTree = "<group>"; };
		70E856BD1E4860FB00A7DFD4 /* ContactViewController.m */ = {isa = PBXFileReference; fileEncoding = 4; lastKnownFileType = sourcecode.c.objc; path = ContactViewController.m; sourceTree = "<group>"; };
		70E856C01E48972100A7DFD4 /* QuartzCore.framework */ = {isa = PBXFileReference; lastKnownFileType = wrapper.framework; name = QuartzCore.framework; path = System/Library/Frameworks/QuartzCore.framework; sourceTree = SDKROOT; };
		70E856C21E4897C200A7DFD4 /* MessageUI.framework */ = {isa = PBXFileReference; lastKnownFileType = wrapper.framework; name = MessageUI.framework; path = System/Library/Frameworks/MessageUI.framework; sourceTree = SDKROOT; };
		70F301051E93E3E4004B45E4 /* MyManager.h */ = {isa = PBXFileReference; fileEncoding = 4; lastKnownFileType = sourcecode.c.h; path = MyManager.h; sourceTree = "<group>"; };
		70F301061E93E3E4004B45E4 /* MyManager.m */ = {isa = PBXFileReference; fileEncoding = 4; lastKnownFileType = sourcecode.c.objc; path = MyManager.m; sourceTree = "<group>"; };
		70FE50D11E8E682800A54042 /* ProductDetailsViewController.h */ = {isa = PBXFileReference; fileEncoding = 4; lastKnownFileType = sourcecode.c.h; path = ProductDetailsViewController.h; sourceTree = "<group>"; };
		70FE50D21E8E682800A54042 /* ProductDetailsViewController.m */ = {isa = PBXFileReference; fileEncoding = 4; lastKnownFileType = sourcecode.c.objc; path = ProductDetailsViewController.m; sourceTree = "<group>"; };
		8CDD46B4F823012CB9BA8EDB /* Pods-GoLogo.debug.xcconfig */ = {isa = PBXFileReference; includeInIndex = 1; lastKnownFileType = text.xcconfig; name = "Pods-GoLogo.debug.xcconfig"; path = "Pods/Target Support Files/Pods-GoLogo/Pods-GoLogo.debug.xcconfig"; sourceTree = "<group>"; };
		F20F093466BD298B42614826 /* libPods-GoLogo.a */ = {isa = PBXFileReference; explicitFileType = archive.ar; includeInIndex = 0; path = "libPods-GoLogo.a"; sourceTree = BUILT_PRODUCTS_DIR; };
/* End PBXFileReference section */

/* Begin PBXFrameworksBuildPhase section */
		70D79BD51E3B546900BCC9EA /* Frameworks */ = {
			isa = PBXFrameworksBuildPhase;
			buildActionMask = 2147483647;
			files = (
				7082660B1E96262D00B975D8 /* SystemConfiguration.framework in Frameworks */,
				70E856C31E4897C200A7DFD4 /* MessageUI.framework in Frameworks */,
				143C3E45409444BCB126D169 /* libPods-GoLogo.a in Frameworks */,
			);
			runOnlyForDeploymentPostprocessing = 0;
		};
/* End PBXFrameworksBuildPhase section */

/* Begin PBXGroup section */
		708266061E9625E600B975D8 /* ExternalManager */ = {
			isa = PBXGroup;
			children = (
				708266071E96260A00B975D8 /* Reachability.h */,
				708266081E96260A00B975D8 /* Reachability.m */,
				70F301051E93E3E4004B45E4 /* MyManager.h */,
				70F301061E93E3E4004B45E4 /* MyManager.m */,
				7082660C1E9629CB00B975D8 /* MTReachabilityManager.h */,
				7082660D1E9629CB00B975D8 /* MTReachabilityManager.m */,
			);
			name = ExternalManager;
			sourceTree = "<group>";
		};
		70CD37DF1E937D9200E64CC8 /* Category */ = {
			isa = PBXGroup;
			children = (
				70D79BF51E3B588100BCC9EA /* CatalogViewController.h */,
				70D79BF61E3B588100BCC9EA /* CatalogViewController.m */,
				70891EE11E8914C400D58E7C /* CategoryJsonObject.h */,
				70891EE21E8914C400D58E7C /* CategoryJsonObject.m */,
				702AEE641E8929AD0097F118 /* CategoryTableviewCell.h */,
				702AEE651E8929AD0097F118 /* CategoryTableviewCell.m */,
				702AEE661E8929AD0097F118 /* CategoryTableviewCell.xib */,
			);
			name = Category;
			sourceTree = "<group>";
		};
		70CD37E01E937DAA00E64CC8 /* Product */ = {
			isa = PBXGroup;
			children = (
				70CD24C11E8A795F00E6AAB4 /* ProductViewController.h */,
				70CD24C21E8A795F00E6AAB4 /* ProductViewController.m */,
				70CD24B91E8A65B000E6AAB4 /* ProductJsonObject.h */,
				70CD24BA1E8A65B000E6AAB4 /* ProductJsonObject.m */,
				70CD24BC1E8A785800E6AAB4 /* ProductTableViewCell.h */,
				70CD24BD1E8A785800E6AAB4 /* ProductTableViewCell.m */,
				70CD24BE1E8A785800E6AAB4 /* ProductTableViewCell.xib */,
				70FE50D11E8E682800A54042 /* ProductDetailsViewController.h */,
				70FE50D21E8E682800A54042 /* ProductDetailsViewController.m */,
			);
			name = Product;
			sourceTree = "<group>";
		};
		70CD37E11E937DCB00E64CC8 /* Company */ = {
			isa = PBXGroup;
			children = (
				703078261E9290BC00B1F6B6 /* CompanyViewController.h */,
				703078271E9290BC00B1F6B6 /* CompanyViewController.m */,
				3BFB75071E94FE87004E903F /* iCarousel.h */,
				3BFB75081E94FE87004E903F /* iCarousel.m */,
				7085DCC81E9E56F200D75BA8 /* ContactView.h */,
				7085DCC91E9E56F200D75BA8 /* ContactView.m */,
				7085DCCB1E9E570700D75BA8 /* GeoLocation.h */,
				7085DCCC1E9E570700D75BA8 /* GeoLocation.m */,
				7085DCCE1E9E572800D75BA8 /* TaglineView.h */,
				7085DCCF1E9E572800D75BA8 /* TaglineView.m */,
				7085DCD11E9E574C00D75BA8 /* FocusProductView.h */,
				7085DCD21E9E574C00D75BA8 /* FocusProductView.m */,
				7085DCD41E9E575D00D75BA8 /* FacilitiesView.h */,
				7085DCD51E9E575D00D75BA8 /* FacilitiesView.m */,
				70CD37DC1E937C9400E64CC8 /* CompanyInfoObject.h */,
				70CD37DD1E937C9400E64CC8 /* CompanyInfoObject.m */,
			);
			name = Company;
			sourceTree = "<group>";
		};
		70CD37E21E93837600E64CC8 /* Contact */ = {
			isa = PBXGroup;
			children = (
				70E856BC1E4860FB00A7DFD4 /* ContactViewController.h */,
				70E856BD1E4860FB00A7DFD4 /* ContactViewController.m */,
			);
			name = Contact;
			sourceTree = "<group>";
		};
		70D79BCF1E3B546900BCC9EA = {
			isa = PBXGroup;
			children = (
				70D79BDA1E3B546900BCC9EA /* GoLogo */,
				70D79BD91E3B546900BCC9EA /* Products */,
				70E856BF1E48972100A7DFD4 /* Frameworks */,
				F689ABA64FAC8CCA9B977972 /* Pods */,
			);
			sourceTree = "<group>";
		};
		70D79BD91E3B546900BCC9EA /* Products */ = {
			isa = PBXGroup;
			children = (
				70D79BD81E3B546900BCC9EA /* GoLogo.app */,
			);
			name = Products;
			sourceTree = "<group>";
		};
		70D79BDA1E3B546900BCC9EA /* GoLogo */ = {
			isa = PBXGroup;
			children = (
				70D79BDE1E3B546A00BCC9EA /* AppDelegate.h */,
				70D79BDF1E3B546A00BCC9EA /* AppDelegate.m */,
				70D79BE71E3B546A00BCC9EA /* Main.storyboard */,
				70CD37DF1E937D9200E64CC8 /* Category */,
				70CD37E01E937DAA00E64CC8 /* Product */,
				70CD37E11E937DCB00E64CC8 /* Company */,
				70CD37E21E93837600E64CC8 /* Contact */,
				70D79BEA1E3B546A00BCC9EA /* Assets.xcassets */,
				70D79BEC1E3B546A00BCC9EA /* LaunchScreen.storyboard */,
				70D79BEF1E3B546A00BCC9EA /* Info.plist */,
				70CD24B71E8A3FC500E6AAB4 /* placeholder@2x.png */,
				708266061E9625E600B975D8 /* ExternalManager */,
				70D79BDB1E3B546A00BCC9EA /* Supporting Files */,
			);
			path = GoLogo;
			sourceTree = "<group>";
		};
		70D79BDB1E3B546A00BCC9EA /* Supporting Files */ = {
			isa = PBXGroup;
			children = (
				70D79BDC1E3B546A00BCC9EA /* main.m */,
			);
			name = "Supporting Files";
			sourceTree = "<group>";
		};
		70E856BF1E48972100A7DFD4 /* Frameworks */ = {
			isa = PBXGroup;
			children = (
				7082660A1E96262D00B975D8 /* SystemConfiguration.framework */,
				70E856C21E4897C200A7DFD4 /* MessageUI.framework */,
				70E856C01E48972100A7DFD4 /* QuartzCore.framework */,
				F20F093466BD298B42614826 /* libPods-GoLogo.a */,
			);
			name = Frameworks;
			sourceTree = "<group>";
		};
		F689ABA64FAC8CCA9B977972 /* Pods */ = {
			isa = PBXGroup;
			children = (
				8CDD46B4F823012CB9BA8EDB /* Pods-GoLogo.debug.xcconfig */,
				49ED036685C6F3DFECA75631 /* Pods-GoLogo.release.xcconfig */,
			);
			name = Pods;
			sourceTree = "<group>";
		};
/* End PBXGroup section */

/* Begin PBXNativeTarget section */
		70D79BD71E3B546900BCC9EA /* GoLogo */ = {
			isa = PBXNativeTarget;
			buildConfigurationList = 70D79BF21E3B546A00BCC9EA /* Build configuration list for PBXNativeTarget "GoLogo" */;
			buildPhases = (
				C3F11AEE3DE1AED2D083047A /* [CP] Check Pods Manifest.lock */,
				70D79BD41E3B546900BCC9EA /* Sources */,
				70D79BD51E3B546900BCC9EA /* Frameworks */,
				70D79BD61E3B546900BCC9EA /* Resources */,
				0B4FF48DBA9CAB74027670CB /* [CP] Embed Pods Frameworks */,
				575882901F36BF4D085AED9A /* [CP] Copy Pods Resources */,
			);
			buildRules = (
			);
			dependencies = (
			);
			name = GoLogo;
			productName = GoLogo;
			productReference = 70D79BD81E3B546900BCC9EA /* GoLogo.app */;
			productType = "com.apple.product-type.application";
		};
/* End PBXNativeTarget section */

/* Begin PBXProject section */
		70D79BD01E3B546900BCC9EA /* Project object */ = {
			isa = PBXProject;
			attributes = {
				LastUpgradeCheck = 0820;
				ORGANIZATIONNAME = CSM;
				TargetAttributes = {
					70D79BD71E3B546900BCC9EA = {
						CreatedOnToolsVersion = 8.2.1;
						DevelopmentTeam = 8Y534JBUBF;
						ProvisioningStyle = Automatic;
					};
				};
			};
			buildConfigurationList = 70D79BD31E3B546900BCC9EA /* Build configuration list for PBXProject "GoLogo" */;
			compatibilityVersion = "Xcode 3.2";
			developmentRegion = English;
			hasScannedForEncodings = 0;
			knownRegions = (
				en,
				Base,
			);
			mainGroup = 70D79BCF1E3B546900BCC9EA;
			productRefGroup = 70D79BD91E3B546900BCC9EA /* Products */;
			projectDirPath = "";
			projectRoot = "";
			targets = (
				70D79BD71E3B546900BCC9EA /* GoLogo */,
			);
		};
/* End PBXProject section */

/* Begin PBXResourcesBuildPhase section */
		70D79BD61E3B546900BCC9EA /* Resources */ = {
			isa = PBXResourcesBuildPhase;
			buildActionMask = 2147483647;
			files = (
				70CD24B81E8A3FC500E6AAB4 /* placeholder@2x.png in Resources */,
				70CD24C01E8A785800E6AAB4 /* ProductTableViewCell.xib in Resources */,
				70D79BEE1E3B546A00BCC9EA /* LaunchScreen.storyboard in Resources */,
				70D79BEB1E3B546A00BCC9EA /* Assets.xcassets in Resources */,
				70D79BE91E3B546A00BCC9EA /* Main.storyboard in Resources */,
				702AEE681E8929AD0097F118 /* CategoryTableviewCell.xib in Resources */,
			);
			runOnlyForDeploymentPostprocessing = 0;
		};
/* End PBXResourcesBuildPhase section */

/* Begin PBXShellScriptBuildPhase section */
		0B4FF48DBA9CAB74027670CB /* [CP] Embed Pods Frameworks */ = {
			isa = PBXShellScriptBuildPhase;
			buildActionMask = 2147483647;
			files = (
			);
			inputPaths = (
			);
			name = "[CP] Embed Pods Frameworks";
			outputPaths = (
			);
			runOnlyForDeploymentPostprocessing = 0;
			shellPath = /bin/sh;
			shellScript = "\"${SRCROOT}/Pods/Target Support Files/Pods-GoLogo/Pods-GoLogo-frameworks.sh\"\n";
			showEnvVarsInLog = 0;
		};
		575882901F36BF4D085AED9A /* [CP] Copy Pods Resources */ = {
			isa = PBXShellScriptBuildPhase;
			buildActionMask = 2147483647;
			files = (
			);
			inputPaths = (
			);
			name = "[CP] Copy Pods Resources";
			outputPaths = (
			);
			runOnlyForDeploymentPostprocessing = 0;
			shellPath = /bin/sh;
			shellScript = "\"${SRCROOT}/Pods/Target Support Files/Pods-GoLogo/Pods-GoLogo-resources.sh\"\n";
			showEnvVarsInLog = 0;
		};
		C3F11AEE3DE1AED2D083047A /* [CP] Check Pods Manifest.lock */ = {
			isa = PBXShellScriptBuildPhase;
			buildActionMask = 2147483647;
			files = (
			);
			inputPaths = (
			);
			name = "[CP] Check Pods Manifest.lock";
			outputPaths = (
			);
			runOnlyForDeploymentPostprocessing = 0;
			shellPath = /bin/sh;
			shellScript = "diff \"${PODS_ROOT}/../Podfile.lock\" \"${PODS_ROOT}/Manifest.lock\" > /dev/null\nif [ $? != 0 ] ; then\n    # print error to STDERR\n    echo \"error: The sandbox is not in sync with the Podfile.lock. Run 'pod install' or update your CocoaPods installation.\" >&2\n    exit 1\nfi\n";
			showEnvVarsInLog = 0;
		};
/* End PBXShellScriptBuildPhase section */

/* Begin PBXSourcesBuildPhase section */
		70D79BD41E3B546900BCC9EA /* Sources */ = {
			isa = PBXSourcesBuildPhase;
			buildActionMask = 2147483647;
			files = (
				703078281E9290BC00B1F6B6 /* CompanyViewController.m in Sources */,
				70CD24BB1E8A65B000E6AAB4 /* ProductJsonObject.m in Sources */,
				7085DCCA1E9E56F200D75BA8 /* ContactView.m in Sources */,
				70E856BE1E4860FB00A7DFD4 /* ContactViewController.m in Sources */,
				7085DCD61E9E575D00D75BA8 /* FacilitiesView.m in Sources */,
				70CD24C31E8A795F00E6AAB4 /* ProductViewController.m in Sources */,
				708266091E96260A00B975D8 /* Reachability.m in Sources */,
				7085DCD01E9E572800D75BA8 /* TaglineView.m in Sources */,
				7085DCCD1E9E570700D75BA8 /* GeoLocation.m in Sources */,
				70D79BF71E3B588100BCC9EA /* CatalogViewController.m in Sources */,
				7085DCD31E9E574C00D75BA8 /* FocusProductView.m in Sources */,
				3BFB75091E94FE88004E903F /* iCarousel.m in Sources */,
				702AEE671E8929AD0097F118 /* CategoryTableviewCell.m in Sources */,
				70D79BE01E3B546A00BCC9EA /* AppDelegate.m in Sources */,
				70D79BDD1E3B546A00BCC9EA /* main.m in Sources */,
				70CD37DE1E937C9400E64CC8 /* CompanyInfoObject.m in Sources */,
				70CD24BF1E8A785800E6AAB4 /* ProductTableViewCell.m in Sources */,
				70F301071E93E3E4004B45E4 /* MyManager.m in Sources */,
				70FE50D31E8E682800A54042 /* ProductDetailsViewController.m in Sources */,
				70891EE31E8914C400D58E7C /* CategoryJsonObject.m in Sources */,
				7082660E1E9629CB00B975D8 /* MTReachabilityManager.m in Sources */,
			);
			runOnlyForDeploymentPostprocessing = 0;
		};
/* End PBXSourcesBuildPhase section */

/* Begin PBXVariantGroup section */
		70D79BE71E3B546A00BCC9EA /* Main.storyboard */ = {
			isa = PBXVariantGroup;
			children = (
				70D79BE81E3B546A00BCC9EA /* Base */,
			);
			name = Main.storyboard;
			sourceTree = "<group>";
		};
		70D79BEC1E3B546A00BCC9EA /* LaunchScreen.storyboard */ = {
			isa = PBXVariantGroup;
			children = (
				70D79BED1E3B546A00BCC9EA /* Base */,
			);
			name = LaunchScreen.storyboard;
			sourceTree = "<group>";
		};
/* End PBXVariantGroup section */

/* Begin XCBuildConfiguration section */
		70D79BF01E3B546A00BCC9EA /* Debug */ = {
			isa = XCBuildConfiguration;
			buildSettings = {
				ALWAYS_SEARCH_USER_PATHS = NO;
				CLANG_ANALYZER_NONNULL = YES;
				CLANG_CXX_LANGUAGE_STANDARD = "gnu++0x";
				CLANG_CXX_LIBRARY = "libc++";
				CLANG_ENABLE_MODULES = YES;
				CLANG_ENABLE_OBJC_ARC = YES;
				CLANG_WARN_BOOL_CONVERSION = YES;
				CLANG_WARN_CONSTANT_CONVERSION = YES;
				CLANG_WARN_DIRECT_OBJC_ISA_USAGE = YES_ERROR;
				CLANG_WARN_DOCUMENTATION_COMMENTS = YES;
				CLANG_WARN_EMPTY_BODY = YES;
				CLANG_WARN_ENUM_CONVERSION = YES;
				CLANG_WARN_INFINITE_RECURSION = YES;
				CLANG_WARN_INT_CONVERSION = YES;
				CLANG_WARN_OBJC_ROOT_CLASS = YES_ERROR;
				CLANG_WARN_SUSPICIOUS_MOVE = YES;
				CLANG_WARN_UNREACHABLE_CODE = YES;
				CLANG_WARN__DUPLICATE_METHOD_MATCH = YES;
				"CODE_SIGN_IDENTITY[sdk=iphoneos*]" = "iPhone Developer";
				COPY_PHASE_STRIP = NO;
				DEBUG_INFORMATION_FORMAT = dwarf;
				ENABLE_STRICT_OBJC_MSGSEND = YES;
				ENABLE_TESTABILITY = YES;
				GCC_C_LANGUAGE_STANDARD = gnu99;
				GCC_DYNAMIC_NO_PIC = NO;
				GCC_NO_COMMON_BLOCKS = YES;
				GCC_OPTIMIZATION_LEVEL = 0;
				GCC_PREPROCESSOR_DEFINITIONS = (
					"DEBUG=1",
					"$(inherited)",
				);
				GCC_WARN_64_TO_32_BIT_CONVERSION = YES;
				GCC_WARN_ABOUT_RETURN_TYPE = YES_ERROR;
				GCC_WARN_UNDECLARED_SELECTOR = YES;
				GCC_WARN_UNINITIALIZED_AUTOS = YES_AGGRESSIVE;
				GCC_WARN_UNUSED_FUNCTION = YES;
				GCC_WARN_UNUSED_VARIABLE = YES;
				IPHONEOS_DEPLOYMENT_TARGET = 10.2;
				MTL_ENABLE_DEBUG_INFO = YES;
				ONLY_ACTIVE_ARCH = YES;
				SDKROOT = iphoneos;
			};
			name = Debug;
		};
		70D79BF11E3B546A00BCC9EA /* Release */ = {
			isa = XCBuildConfiguration;
			buildSettings = {
				ALWAYS_SEARCH_USER_PATHS = NO;
				CLANG_ANALYZER_NONNULL = YES;
				CLANG_CXX_LANGUAGE_STANDARD = "gnu++0x";
				CLANG_CXX_LIBRARY = "libc++";
				CLANG_ENABLE_MODULES = YES;
				CLANG_ENABLE_OBJC_ARC = YES;
				CLANG_WARN_BOOL_CONVERSION = YES;
				CLANG_WARN_CONSTANT_CONVERSION = YES;
				CLANG_WARN_DIRECT_OBJC_ISA_USAGE = YES_ERROR;
				CLANG_WARN_DOCUMENTATION_COMMENTS = YES;
				CLANG_WARN_EMPTY_BODY = YES;
				CLANG_WARN_ENUM_CONVERSION = YES;
				CLANG_WARN_INFINITE_RECURSION = YES;
				CLANG_WARN_INT_CONVERSION = YES;
				CLANG_WARN_OBJC_ROOT_CLASS = YES_ERROR;
				CLANG_WARN_SUSPICIOUS_MOVE = YES;
				CLANG_WARN_UNREACHABLE_CODE = YES;
				CLANG_WARN__DUPLICATE_METHOD_MATCH = YES;
				"CODE_SIGN_IDENTITY[sdk=iphoneos*]" = "iPhone Developer";
				COPY_PHASE_STRIP = NO;
				DEBUG_INFORMATION_FORMAT = "dwarf-with-dsym";
				ENABLE_NS_ASSERTIONS = NO;
				ENABLE_STRICT_OBJC_MSGSEND = YES;
				GCC_C_LANGUAGE_STANDARD = gnu99;
				GCC_NO_COMMON_BLOCKS = YES;
				GCC_WARN_64_TO_32_BIT_CONVERSION = YES;
				GCC_WARN_ABOUT_RETURN_TYPE = YES_ERROR;
				GCC_WARN_UNDECLARED_SELECTOR = YES;
				GCC_WARN_UNINITIALIZED_AUTOS = YES_AGGRESSIVE;
				GCC_WARN_UNUSED_FUNCTION = YES;
				GCC_WARN_UNUSED_VARIABLE = YES;
				IPHONEOS_DEPLOYMENT_TARGET = 10.2;
				MTL_ENABLE_DEBUG_INFO = NO;
				SDKROOT = iphoneos;
				VALIDATE_PRODUCT = YES;
			};
			name = Release;
		};
		70D79BF31E3B546A00BCC9EA /* Debug */ = {
			isa = XCBuildConfiguration;
			baseConfigurationReference = 8CDD46B4F823012CB9BA8EDB /* Pods-GoLogo.debug.xcconfig */;
			buildSettings = {
				ASSETCATALOG_COMPILER_APPICON_NAME = AppIcon;
				"CODE_SIGN_IDENTITY[sdk=iphoneos*]" = "iPhone Developer";
				DEVELOPMENT_TEAM = 8Y534JBUBF;
				INFOPLIST_FILE = GoLogo/Info.plist;
				IPHONEOS_DEPLOYMENT_TARGET = 9.1;
				LD_RUNPATH_SEARCH_PATHS = "$(inherited) @executable_path/Frameworks";
				PRODUCT_BUNDLE_IDENTIFIER = com.csm.Gologo;
				PRODUCT_NAME = "$(TARGET_NAME)";
			};
			name = Debug;
		};
		70D79BF41E3B546A00BCC9EA /* Release */ = {
			isa = XCBuildConfiguration;
			baseConfigurationReference = 49ED036685C6F3DFECA75631 /* Pods-GoLogo.release.xcconfig */;
			buildSettings = {
				ASSETCATALOG_COMPILER_APPICON_NAME = AppIcon;
				"CODE_SIGN_IDENTITY[sdk=iphoneos*]" = "iPhone Developer";
				DEVELOPMENT_TEAM = 8Y534JBUBF;
				INFOPLIST_FILE = GoLogo/Info.plist;
				IPHONEOS_DEPLOYMENT_TARGET = 9.1;
				LD_RUNPATH_SEARCH_PATHS = "$(inherited) @executable_path/Frameworks";
				PRODUCT_BUNDLE_IDENTIFIER = com.csm.Gologo;
				PRODUCT_NAME = "$(TARGET_NAME)";
			};
			name = Release;
		};
/* End XCBuildConfiguration section */

/* Begin XCConfigurationList section */
		70D79BD31E3B546900BCC9EA /* Build configuration list for PBXProject "GoLogo" */ = {
			isa = XCConfigurationList;
			buildConfigurations = (
				70D79BF01E3B546A00BCC9EA /* Debug */,
				70D79BF11E3B546A00BCC9EA /* Release */,
			);
			defaultConfigurationIsVisible = 0;
			defaultConfigurationName = Release;
		};
		70D79BF21E3B546A00BCC9EA /* Build configuration list for PBXNativeTarget "GoLogo" */ = {
			isa = XCConfigurationList;
			buildConfigurations = (
				70D79BF31E3B546A00BCC9EA /* Debug */,
				70D79BF41E3B546A00BCC9EA /* Release */,
			);
			defaultConfigurationIsVisible = 0;
			defaultConfigurationName = Release;
		};
/* End XCConfigurationList section */
	};
	rootObject = 70D79BD01E3B546900BCC9EA /* Project object */;
}
